
Microsoft Visual Studio Solution File, Format Version 12.00
# Visual Studio 15
VisualStudioVersion = 15.0.28010.2036
MinimumVisualStudioVersion = 10.0.40219.1
Project("{9A19103F-16F7-4668-BE54-9A1E7A4F7556}") = "Interfaces", "Interfaces\Interfaces.csproj", "{AA222AD1-C25F-4043-9097-CABBDEEAEC61}"
EndProject
Project("{9A19103F-16F7-4668-BE54-9A1E7A4F7556}") = "Service", "Service\Service.csproj", "{D671A2C9-7C7E-4227-97D8-16A2735197AB}"
EndProject
Project("{9A19103F-16F7-4668-BE54-9A1E7A4F7556}") = "Models", "Models\Models.csproj", "{B8601ABB-82B6-4D8F-A8B6-9730B4A0AFF3}"
EndProject
Project("{9A19103F-16F7-4668-BE54-9A1E7A4F7556}") = "Tests", "Tests\Tests.csproj", "{2865F499-7FA3-403E-9779-8307CF28781B}"
EndProject
Project("{FAE04EC0-301F-11D3-BF4B-00C04F79EFBC}") = "DTOs", "DTOs\DTOs.csproj", "{444B6E75-B4A1-46AE-825C-D5E1877E5AC4}"
EndProject
Global
	GlobalSection(SolutionConfigurationPlatforms) = preSolution
		Debug|Any CPU = Debug|Any CPU
		Release|Any CPU = Release|Any CPU
	EndGlobalSection
	GlobalSection(ProjectConfigurationPlatforms) = postSolution
		{AA222AD1-C25F-4043-9097-CABBDEEAEC61}.Debug|Any CPU.ActiveCfg = Debug|Any CPU
		{AA222AD1-C25F-4043-9097-CABBDEEAEC61}.Debug|Any CPU.Build.0 = Debug|Any CPU
		{AA222AD1-C25F-4043-9097-CABBDEEAEC61}.Release|Any CPU.ActiveCfg = Release|Any CPU
		{AA222AD1-C25F-4043-9097-CABBDEEAEC61}.Release|Any CPU.Build.0 = Release|Any CPU
		{D671A2C9-7C7E-4227-97D8-16A2735197AB}.Debug|Any CPU.ActiveCfg = Debug|Any CPU
		{D671A2C9-7C7E-4227-97D8-16A2735197AB}.Debug|Any CPU.Build.0 = Debug|Any CPU
		{D671A2C9-7C7E-4227-97D8-16A2735197AB}.Release|Any CPU.ActiveCfg = Release|Any CPU
		{D671A2C9-7C7E-4227-97D8-16A2735197AB}.Release|Any CPU.Build.0 = Release|Any CPU
		{B8601ABB-82B6-4D8F-A8B6-9730B4A0AFF3}.Debug|Any CPU.ActiveCfg = Debug|Any CPU
		{B8601ABB-82B6-4D8F-A8B6-9730B4A0AFF3}.Debug|Any CPU.Build.0 = Debug|Any CPU
		{B8601ABB-82B6-4D8F-A8B6-9730B4A0AFF3}.Release|Any CPU.ActiveCfg = Release|Any CPU
		{B8601ABB-82B6-4D8F-A8B6-9730B4A0AFF3}.Release|Any CPU.Build.0 = Release|Any CPU
		{2865F499-7FA3-403E-9779-8307CF28781B}.Debug|Any CPU.ActiveCfg = Debug|Any CPU
		{2865F499-7FA3-403E-9779-8307CF28781B}.Debug|Any CPU.Build.0 = Debug|Any CPU
		{2865F499-7FA3-403E-9779-8307CF28781B}.Release|Any CPU.ActiveCfg = Release|Any CPU
		{2865F499-7FA3-403E-9779-8307CF28781B}.Release|Any CPU.Build.0 = Release|Any CPU
		{444B6E75-B4A1-46AE-825C-D5E1877E5AC4}.Debug|Any CPU.ActiveCfg = Debug|Any CPU
		{444B6E75-B4A1-46AE-825C-D5E1877E5AC4}.Debug|Any CPU.Build.0 = Debug|Any CPU
		{444B6E75-B4A1-46AE-825C-D5E1877E5AC4}.Release|Any CPU.ActiveCfg = Release|Any CPU
		{444B6E75-B4A1-46AE-825C-D5E1877E5AC4}.Release|Any CPU.Build.0 = Release|Any CPU
	EndGlobalSection
	GlobalSection(SolutionProperties) = preSolution
		HideSolutionNode = FALSE
	EndGlobalSection
	GlobalSection(ExtensibilityGlobals) = postSolution
		SolutionGuid = {0152E21F-2D01-4C7D-A556-25E86C5929C8}
	EndGlobalSection
EndGlobal
